
Microsoft Visual Studio Solution File, Format Version 12.00
# Visual Studio 15
VisualStudioVersion = 15.0.28307.329
MinimumVisualStudioVersion = 10.0.40219.1
Project("{FAE04EC0-301F-11D3-BF4B-00C04F79EFBC}") = "ConsoleAplication", "ConsoleAplication\ConsoleAplication.csproj", "{115F57C0-0213-40D2-97C0-E46E1911EC59}"
EndProject
Project("{FAE04EC0-301F-11D3-BF4B-00C04F79EFBC}") = "Test", "Test\Test.csproj", "{766897B5-AACC-4E1D-AE31-72955296A64A}"
EndProject
Project("{FAE04EC0-301F-11D3-BF4B-00C04F79EFBC}") = "Domain", "Domain\Domain.csproj", "{E1B58CC6-75AF-492F-90B8-2C98D6E499CF}"
EndProject
Global
	GlobalSection(SolutionConfigurationPlatforms) = preSolution
		Debug|Any CPU = Debug|Any CPU
		Release|Any CPU = Release|Any CPU
	EndGlobalSection
	GlobalSection(ProjectConfigurationPlatforms) = postSolution
		{115F57C0-0213-40D2-97C0-E46E1911EC59}.Debug|Any CPU.ActiveCfg = Debug|Any CPU
		{115F57C0-0213-40D2-97C0-E46E1911EC59}.Debug|Any CPU.Build.0 = Debug|Any CPU
		{115F57C0-0213-40D2-97C0-E46E1911EC59}.Release|Any CPU.ActiveCfg = Release|Any CPU
		{115F57C0-0213-40D2-97C0-E46E1911EC59}.Release|Any CPU.Build.0 = Release|Any CPU
		{766897B5-AACC-4E1D-AE31-72955296A64A}.Debug|Any CPU.ActiveCfg = Debug|Any CPU
		{766897B5-AACC-4E1D-AE31-72955296A64A}.Debug|Any CPU.Build.0 = Debug|Any CPU
		{766897B5-AACC-4E1D-AE31-72955296A64A}.Release|Any CPU.ActiveCfg = Release|Any CPU
		{766897B5-AACC-4E1D-AE31-72955296A64A}.Release|Any CPU.Build.0 = Release|Any CPU
		{E1B58CC6-75AF-492F-90B8-2C98D6E499CF}.Debug|Any CPU.ActiveCfg = Debug|Any CPU
		{E1B58CC6-75AF-492F-90B8-2C98D6E499CF}.Debug|Any CPU.Build.0 = Debug|Any CPU
		{E1B58CC6-75AF-492F-90B8-2C98D6E499CF}.Release|Any CPU.ActiveCfg = Release|Any CPU
		{E1B58CC6-75AF-492F-90B8-2C98D6E499CF}.Release|Any CPU.Build.0 = Release|Any CPU
	EndGlobalSection
	GlobalSection(SolutionProperties) = preSolution
		HideSolutionNode = FALSE
	EndGlobalSection
	GlobalSection(ExtensibilityGlobals) = postSolution
		SolutionGuid = {97B895DC-6B12-4C35-8A6B-5F85256DA0F8}
	EndGlobalSection
EndGlobal
